// !$*UTF8*$!
{
	archiveVersion = 1;
	classes = {
	};
	objectVersion = 56;
	objects = {

/* Begin PBXBuildFile section */
		5D2B13982A8FA66500961B1F /* AppDelegate.swift in Sources */ = {isa = PBXBuildFile; fileRef = 5D2B13972A8FA66500961B1F /* AppDelegate.swift */; };
		5D2B139A2A8FA66500961B1F /* SceneDelegate.swift in Sources */ = {isa = PBXBuildFile; fileRef = 5D2B13992A8FA66500961B1F /* SceneDelegate.swift */; };
		5D2B139F2A8FA66500961B1F /* Main.storyboard in Resources */ = {isa = PBXBuildFile; fileRef = 5D2B139D2A8FA66500961B1F /* Main.storyboard */; };
		5D2B13A12A8FA66D00961B1F /* Assets.xcassets in Resources */ = {isa = PBXBuildFile; fileRef = 5D2B13A02A8FA66D00961B1F /* Assets.xcassets */; };
		5D2B13A42A8FA66D00961B1F /* LaunchScreen.storyboard in Resources */ = {isa = PBXBuildFile; fileRef = 5D2B13A22A8FA66D00961B1F /* LaunchScreen.storyboard */; };
		5D2B13AF2A8FA66E00961B1F /* MemoryManagmentTests.swift in Sources */ = {isa = PBXBuildFile; fileRef = 5D2B13AE2A8FA66E00961B1F /* MemoryManagmentTests.swift */; };
		5D2B13B92A8FA66E00961B1F /* MemoryManagmentUITests.swift in Sources */ = {isa = PBXBuildFile; fileRef = 5D2B13B82A8FA66E00961B1F /* MemoryManagmentUITests.swift */; };
		5D2B13BB2A8FA66E00961B1F /* MemoryManagmentUITestsLaunchTests.swift in Sources */ = {isa = PBXBuildFile; fileRef = 5D2B13BA2A8FA66E00961B1F /* MemoryManagmentUITestsLaunchTests.swift */; };
		5D2B13CC2A8FA75900961B1F /* HomeVC.swift in Sources */ = {isa = PBXBuildFile; fileRef = 5D2B13CB2A8FA75900961B1F /* HomeVC.swift */; };
		5D2B13CE2A8FA77200961B1F /* LandingVC.swift in Sources */ = {isa = PBXBuildFile; fileRef = 5D2B13CD2A8FA77200961B1F /* LandingVC.swift */; };
		5D3A09AC2AAC850200D23A86 /* gitlab-ci.yaml in Resources */ = {isa = PBXBuildFile; fileRef = 5D3A09AB2AAC850200D23A86 /* gitlab-ci.yaml */; };
		5D7E0BA22AAB5B6700959A1B /* DelegateExample.swift in Sources */ = {isa = PBXBuildFile; fileRef = 5D7E0BA12AAB5B6700959A1B /* DelegateExample.swift */; };
		5D7E0BA42AAB5C6900959A1B /* TimerExample.swift in Sources */ = {isa = PBXBuildFile; fileRef = 5D7E0BA32AAB5C6900959A1B /* TimerExample.swift */; };
		5D7E0BA62AAB60BF00959A1B /* TwoClasses.swift in Sources */ = {isa = PBXBuildFile; fileRef = 5D7E0BA52AAB60BF00959A1B /* TwoClasses.swift */; };
		5D7E0BA82AAB62DC00959A1B /* ClassAndStruct.swift in Sources */ = {isa = PBXBuildFile; fileRef = 5D7E0BA72AAB62DC00959A1B /* ClassAndStruct.swift */; };
		5D7E0BAA2AAB67A500959A1B /* ClosureTester.swift in Sources */ = {isa = PBXBuildFile; fileRef = 5D7E0BA92AAB67A500959A1B /* ClosureTester.swift */; };
		5D7E0BAC2AAB68FE00959A1B /* TestDelegation.swift in Sources */ = {isa = PBXBuildFile; fileRef = 5D7E0BAB2AAB68FE00959A1B /* TestDelegation.swift */; };
		5D7E0BAE2AAB6AF300959A1B /* TimersandDispatchQueues.swift in Sources */ = {isa = PBXBuildFile; fileRef = 5D7E0BAD2AAB6AF300959A1B /* TimersandDispatchQueues.swift */; };
		5D7E0BB02AAB9A9400959A1B /* Parent-ChildVC.swift in Sources */ = {isa = PBXBuildFile; fileRef = 5D7E0BAF2AAB9A9400959A1B /* Parent-ChildVC.swift */; };
		5D7E0BB22AABA2F200959A1B /* SingletonManager.swift in Sources */ = {isa = PBXBuildFile; fileRef = 5D7E0BB12AABA2F200959A1B /* SingletonManager.swift */; };
/* End PBXBuildFile section */

/* Begin PBXContainerItemProxy section */
		5D2B13AB2A8FA66E00961B1F /* PBXContainerItemProxy */ = {
			isa = PBXContainerItemProxy;
			containerPortal = 5D2B138C2A8FA66400961B1F /* Project object */;
			proxyType = 1;
			remoteGlobalIDString = 5D2B13932A8FA66400961B1F;
			remoteInfo = MemoryManagment;
		};
		5D2B13B52A8FA66E00961B1F /* PBXContainerItemProxy */ = {
			isa = PBXContainerItemProxy;
			containerPortal = 5D2B138C2A8FA66400961B1F /* Project object */;
			proxyType = 1;
			remoteGlobalIDString = 5D2B13932A8FA66400961B1F;
			remoteInfo = MemoryManagment;
		};
/* End PBXContainerItemProxy section */

/* Begin PBXFileReference section */
		5D2B13942A8FA66400961B1F /* MemoryManagment.app */ = {isa = PBXFileReference; explicitFileType = wrapper.application; includeInIndex = 0; path = MemoryManagment.app; sourceTree = BUILT_PRODUCTS_DIR; };
		5D2B13972A8FA66500961B1F /* AppDelegate.swift */ = {isa = PBXFileReference; lastKnownFileType = sourcecode.swift; path = AppDelegate.swift; sourceTree = "<group>"; };
		5D2B13992A8FA66500961B1F /* SceneDelegate.swift */ = {isa = PBXFileReference; lastKnownFileType = sourcecode.swift; path = SceneDelegate.swift; sourceTree = "<group>"; };
		5D2B139E2A8FA66500961B1F /* Base */ = {isa = PBXFileReference; lastKnownFileType = file.storyboard; name = Base; path = Base.lproj/Main.storyboard; sourceTree = "<group>"; };
		5D2B13A02A8FA66D00961B1F /* Assets.xcassets */ = {isa = PBXFileReference; lastKnownFileType = folder.assetcatalog; path = Assets.xcassets; sourceTree = "<group>"; };
		5D2B13A32A8FA66D00961B1F /* Base */ = {isa = PBXFileReference; lastKnownFileType = file.storyboard; name = Base; path = Base.lproj/LaunchScreen.storyboard; sourceTree = "<group>"; };
		5D2B13A52A8FA66D00961B1F /* Info.plist */ = {isa = PBXFileReference; lastKnownFileType = text.plist.xml; path = Info.plist; sourceTree = "<group>"; };
		5D2B13AA2A8FA66E00961B1F /* MemoryManagmentTests.xctest */ = {isa = PBXFileReference; explicitFileType = wrapper.cfbundle; includeInIndex = 0; path = MemoryManagmentTests.xctest; sourceTree = BUILT_PRODUCTS_DIR; };
		5D2B13AE2A8FA66E00961B1F /* MemoryManagmentTests.swift */ = {isa = PBXFileReference; lastKnownFileType = sourcecode.swift; path = MemoryManagmentTests.swift; sourceTree = "<group>"; };
		5D2B13B42A8FA66E00961B1F /* MemoryManagmentUITests.xctest */ = {isa = PBXFileReference; explicitFileType = wrapper.cfbundle; includeInIndex = 0; path = MemoryManagmentUITests.xctest; sourceTree = BUILT_PRODUCTS_DIR; };
		5D2B13B82A8FA66E00961B1F /* MemoryManagmentUITests.swift */ = {isa = PBXFileReference; lastKnownFileType = sourcecode.swift; path = MemoryManagmentUITests.swift; sourceTree = "<group>"; };
		5D2B13BA2A8FA66E00961B1F /* MemoryManagmentUITestsLaunchTests.swift */ = {isa = PBXFileReference; lastKnownFileType = sourcecode.swift; path = MemoryManagmentUITestsLaunchTests.swift; sourceTree = "<group>"; };
		5D2B13CB2A8FA75900961B1F /* HomeVC.swift */ = {isa = PBXFileReference; fileEncoding = 4; lastKnownFileType = sourcecode.swift; path = HomeVC.swift; sourceTree = "<group>"; };
		5D2B13CD2A8FA77200961B1F /* LandingVC.swift */ = {isa = PBXFileReference; fileEncoding = 4; lastKnownFileType = sourcecode.swift; path = LandingVC.swift; sourceTree = "<group>"; };
		5D3A09AB2AAC850200D23A86 /* gitlab-ci.yaml */ = {isa = PBXFileReference; lastKnownFileType = text.yaml; path = "gitlab-ci.yaml"; sourceTree = "<group>"; };
		5D7E0BA12AAB5B6700959A1B /* DelegateExample.swift */ = {isa = PBXFileReference; lastKnownFileType = sourcecode.swift; path = DelegateExample.swift; sourceTree = "<group>"; };
		5D7E0BA32AAB5C6900959A1B /* TimerExample.swift */ = {isa = PBXFileReference; lastKnownFileType = sourcecode.swift; path = TimerExample.swift; sourceTree = "<group>"; };
		5D7E0BA52AAB60BF00959A1B /* TwoClasses.swift */ = {isa = PBXFileReference; lastKnownFileType = sourcecode.swift; path = TwoClasses.swift; sourceTree = "<group>"; };
		5D7E0BA72AAB62DC00959A1B /* ClassAndStruct.swift */ = {isa = PBXFileReference; lastKnownFileType = sourcecode.swift; path = ClassAndStruct.swift; sourceTree = "<group>"; };
		5D7E0BA92AAB67A500959A1B /* ClosureTester.swift */ = {isa = PBXFileReference; lastKnownFileType = sourcecode.swift; path = ClosureTester.swift; sourceTree = "<group>"; };
		5D7E0BAB2AAB68FE00959A1B /* TestDelegation.swift */ = {isa = PBXFileReference; lastKnownFileType = sourcecode.swift; path = TestDelegation.swift; sourceTree = "<group>"; };
		5D7E0BAD2AAB6AF300959A1B /* TimersandDispatchQueues.swift */ = {isa = PBXFileReference; lastKnownFileType = sourcecode.swift; path = TimersandDispatchQueues.swift; sourceTree = "<group>"; };
		5D7E0BAF2AAB9A9400959A1B /* Parent-ChildVC.swift */ = {isa = PBXFileReference; lastKnownFileType = sourcecode.swift; path = "Parent-ChildVC.swift"; sourceTree = "<group>"; };
		5D7E0BB12AABA2F200959A1B /* SingletonManager.swift */ = {isa = PBXFileReference; lastKnownFileType = sourcecode.swift; path = SingletonManager.swift; sourceTree = "<group>"; };
/* End PBXFileReference section */

/* Begin PBXFrameworksBuildPhase section */
		5D2B13912A8FA66400961B1F /* Frameworks */ = {
			isa = PBXFrameworksBuildPhase;
			buildActionMask = 2147483647;
			files = (
			);
			runOnlyForDeploymentPostprocessing = 0;
		};
		5D2B13A72A8FA66E00961B1F /* Frameworks */ = {
			isa = PBXFrameworksBuildPhase;
			buildActionMask = 2147483647;
			files = (
			);
			runOnlyForDeploymentPostprocessing = 0;
		};
		5D2B13B12A8FA66E00961B1F /* Frameworks */ = {
			isa = PBXFrameworksBuildPhase;
			buildActionMask = 2147483647;
			files = (
			);
			runOnlyForDeploymentPostprocessing = 0;
		};
/* End PBXFrameworksBuildPhase section */

/* Begin PBXGroup section */
		5D2B138B2A8FA66400961B1F = {
			isa = PBXGroup;
			children = (
				5D2B13962A8FA66500961B1F /* MemoryManagment */,
				5D2B13AD2A8FA66E00961B1F /* MemoryManagmentTests */,
				5D2B13B72A8FA66E00961B1F /* MemoryManagmentUITests */,
				5D2B13952A8FA66400961B1F /* Products */,
			);
			sourceTree = "<group>";
		};
		5D2B13952A8FA66400961B1F /* Products */ = {
			isa = PBXGroup;
			children = (
				5D2B13942A8FA66400961B1F /* MemoryManagment.app */,
				5D2B13AA2A8FA66E00961B1F /* MemoryManagmentTests.xctest */,
				5D2B13B42A8FA66E00961B1F /* MemoryManagmentUITests.xctest */,
			);
			name = Products;
			sourceTree = "<group>";
		};
		5D2B13962A8FA66500961B1F /* MemoryManagment */ = {
			isa = PBXGroup;
			children = (
				5D2B13CA2A8FA75900961B1F /* Controllers */,
				5D2B13CF2A8FAB0500961B1F /* AppDelegates */,
				5D2B13D02A8FAB2400961B1F /* StoryBoards */,
				5D2B13D12A8FAB3500961B1F /* Assets */,
				5D2B13A52A8FA66D00961B1F /* Info.plist */,
				5D3A09AB2AAC850200D23A86 /* gitlab-ci.yaml */,
			);
			path = MemoryManagment;
			sourceTree = "<group>";
		};
		5D2B13AD2A8FA66E00961B1F /* MemoryManagmentTests */ = {
			isa = PBXGroup;
			children = (
				5D2B13AE2A8FA66E00961B1F /* MemoryManagmentTests.swift */,
			);
			path = MemoryManagmentTests;
			sourceTree = "<group>";
		};
		5D2B13B72A8FA66E00961B1F /* MemoryManagmentUITests */ = {
			isa = PBXGroup;
			children = (
				5D2B13B82A8FA66E00961B1F /* MemoryManagmentUITests.swift */,
				5D2B13BA2A8FA66E00961B1F /* MemoryManagmentUITestsLaunchTests.swift */,
			);
			path = MemoryManagmentUITests;
			sourceTree = "<group>";
		};
		5D2B13CA2A8FA75900961B1F /* Controllers */ = {
			isa = PBXGroup;
			children = (
				5D2B13CD2A8FA77200961B1F /* LandingVC.swift */,
				5D2B13CB2A8FA75900961B1F /* HomeVC.swift */,
				5D7E0BA12AAB5B6700959A1B /* DelegateExample.swift */,
				5D7E0BA32AAB5C6900959A1B /* TimerExample.swift */,
				5D7E0BA52AAB60BF00959A1B /* TwoClasses.swift */,
				5D7E0BA72AAB62DC00959A1B /* ClassAndStruct.swift */,
				5D7E0BA92AAB67A500959A1B /* ClosureTester.swift */,
				5D7E0BAB2AAB68FE00959A1B /* TestDelegation.swift */,
				5D7E0BAD2AAB6AF300959A1B /* TimersandDispatchQueues.swift */,
				5D7E0BAF2AAB9A9400959A1B /* Parent-ChildVC.swift */,
				5D7E0BB12AABA2F200959A1B /* SingletonManager.swift */,
			);
			path = Controllers;
			sourceTree = "<group>";
		};
		5D2B13CF2A8FAB0500961B1F /* AppDelegates */ = {
			isa = PBXGroup;
			children = (
				5D2B13992A8FA66500961B1F /* SceneDelegate.swift */,
				5D2B13972A8FA66500961B1F /* AppDelegate.swift */,
			);
			path = AppDelegates;
			sourceTree = "<group>";
		};
		5D2B13D02A8FAB2400961B1F /* StoryBoards */ = {
			isa = PBXGroup;
			children = (
				5D2B139D2A8FA66500961B1F /* Main.storyboard */,
				5D2B13A22A8FA66D00961B1F /* LaunchScreen.storyboard */,
			);
			path = StoryBoards;
			sourceTree = "<group>";
		};
		5D2B13D12A8FAB3500961B1F /* Assets */ = {
			isa = PBXGroup;
			children = (
				5D2B13A02A8FA66D00961B1F /* Assets.xcassets */,
			);
			path = Assets;
			sourceTree = "<group>";
		};
/* End PBXGroup section */

/* Begin PBXNativeTarget section */
		5D2B13932A8FA66400961B1F /* MemoryManagment */ = {
			isa = PBXNativeTarget;
			buildConfigurationList = 5D2B13BE2A8FA66E00961B1F /* Build configuration list for PBXNativeTarget "MemoryManagment" */;
			buildPhases = (
				5D2B13902A8FA66400961B1F /* Sources */,
				5D2B13912A8FA66400961B1F /* Frameworks */,
				5D2B13922A8FA66400961B1F /* Resources */,
			);
			buildRules = (
			);
			dependencies = (
			);
			name = MemoryManagment;
			productName = MemoryManagment;
			productReference = 5D2B13942A8FA66400961B1F /* MemoryManagment.app */;
			productType = "com.apple.product-type.application";
		};
		5D2B13A92A8FA66E00961B1F /* MemoryManagmentTests */ = {
			isa = PBXNativeTarget;
			buildConfigurationList = 5D2B13C12A8FA66E00961B1F /* Build configuration list for PBXNativeTarget "MemoryManagmentTests" */;
			buildPhases = (
				5D2B13A62A8FA66E00961B1F /* Sources */,
				5D2B13A72A8FA66E00961B1F /* Frameworks */,
				5D2B13A82A8FA66E00961B1F /* Resources */,
			);
			buildRules = (
			);
			dependencies = (
				5D2B13AC2A8FA66E00961B1F /* PBXTargetDependency */,
			);
			name = MemoryManagmentTests;
			productName = MemoryManagmentTests;
			productReference = 5D2B13AA2A8FA66E00961B1F /* MemoryManagmentTests.xctest */;
			productType = "com.apple.product-type.bundle.unit-test";
		};
		5D2B13B32A8FA66E00961B1F /* MemoryManagmentUITests */ = {
			isa = PBXNativeTarget;
			buildConfigurationList = 5D2B13C42A8FA66E00961B1F /* Build configuration list for PBXNativeTarget "MemoryManagmentUITests" */;
			buildPhases = (
				5D2B13B02A8FA66E00961B1F /* Sources */,
				5D2B13B12A8FA66E00961B1F /* Frameworks */,
				5D2B13B22A8FA66E00961B1F /* Resources */,
			);
			buildRules = (
			);
			dependencies = (
				5D2B13B62A8FA66E00961B1F /* PBXTargetDependency */,
			);
			name = MemoryManagmentUITests;
			productName = MemoryManagmentUITests;
			productReference = 5D2B13B42A8FA66E00961B1F /* MemoryManagmentUITests.xctest */;
			productType = "com.apple.product-type.bundle.ui-testing";
		};
/* End PBXNativeTarget section */

/* Begin PBXProject section */
		5D2B138C2A8FA66400961B1F /* Project object */ = {
			isa = PBXProject;
			attributes = {
				BuildIndependentTargetsInParallel = 1;
				LastSwiftUpdateCheck = 1500;
				LastUpgradeCheck = 1500;
				TargetAttributes = {
					5D2B13932A8FA66400961B1F = {
						CreatedOnToolsVersion = 15.0;
					};
					5D2B13A92A8FA66E00961B1F = {
						CreatedOnToolsVersion = 15.0;
						TestTargetID = 5D2B13932A8FA66400961B1F;
					};
					5D2B13B32A8FA66E00961B1F = {
						CreatedOnToolsVersion = 15.0;
						TestTargetID = 5D2B13932A8FA66400961B1F;
					};
				};
			};
			buildConfigurationList = 5D2B138F2A8FA66400961B1F /* Build configuration list for PBXProject "MemoryManagment" */;
			compatibilityVersion = "Xcode 14.0";
			developmentRegion = en;
			hasScannedForEncodings = 0;
			knownRegions = (
				en,
				Base,
			);
			mainGroup = 5D2B138B2A8FA66400961B1F;
			productRefGroup = 5D2B13952A8FA66400961B1F /* Products */;
			projectDirPath = "";
			projectRoot = "";
			targets = (
				5D2B13932A8FA66400961B1F /* MemoryManagment */,
				5D2B13A92A8FA66E00961B1F /* MemoryManagmentTests */,
				5D2B13B32A8FA66E00961B1F /* MemoryManagmentUITests */,
			);
		};
/* End PBXProject section */

/* Begin PBXResourcesBuildPhase section */
		5D2B13922A8FA66400961B1F /* Resources */ = {
			isa = PBXResourcesBuildPhase;
			buildActionMask = 2147483647;
			files = (
				5D2B13A42A8FA66D00961B1F /* LaunchScreen.storyboard in Resources */,
				5D2B13A12A8FA66D00961B1F /* Assets.xcassets in Resources */,
				5D2B139F2A8FA66500961B1F /* Main.storyboard in Resources */,
				5D3A09AC2AAC850200D23A86 /* gitlab-ci.yaml in Resources */,
			);
			runOnlyForDeploymentPostprocessing = 0;
		};
		5D2B13A82A8FA66E00961B1F /* Resources */ = {
			isa = PBXResourcesBuildPhase;
			buildActionMask = 2147483647;
			files = (
			);
			runOnlyForDeploymentPostprocessing = 0;
		};
		5D2B13B22A8FA66E00961B1F /* Resources */ = {
			isa = PBXResourcesBuildPhase;
			buildActionMask = 2147483647;
			files = (
			);
			runOnlyForDeploymentPostprocessing = 0;
		};
/* End PBXResourcesBuildPhase section */

/* Begin PBXSourcesBuildPhase section */
		5D2B13902A8FA66400961B1F /* Sources */ = {
			isa = PBXSourcesBuildPhase;
			buildActionMask = 2147483647;
			files = (
				5D7E0BA22AAB5B6700959A1B /* DelegateExample.swift in Sources */,
				5D2B13982A8FA66500961B1F /* AppDelegate.swift in Sources */,
				5D7E0BB22AABA2F200959A1B /* SingletonManager.swift in Sources */,
				5D7E0BA42AAB5C6900959A1B /* TimerExample.swift in Sources */,
				5D7E0BAC2AAB68FE00959A1B /* TestDelegation.swift in Sources */,
				5D7E0BAE2AAB6AF300959A1B /* TimersandDispatchQueues.swift in Sources */,
				5D2B139A2A8FA66500961B1F /* SceneDelegate.swift in Sources */,
				5D7E0BA62AAB60BF00959A1B /* TwoClasses.swift in Sources */,
				5D2B13CE2A8FA77200961B1F /* LandingVC.swift in Sources */,
				5D7E0BAA2AAB67A500959A1B /* ClosureTester.swift in Sources */,
				5D2B13CC2A8FA75900961B1F /* HomeVC.swift in Sources */,
				5D7E0BA82AAB62DC00959A1B /* ClassAndStruct.swift in Sources */,
				5D7E0BB02AAB9A9400959A1B /* Parent-ChildVC.swift in Sources */,
			);
			runOnlyForDeploymentPostprocessing = 0;
		};
		5D2B13A62A8FA66E00961B1F /* Sources */ = {
			isa = PBXSourcesBuildPhase;
			buildActionMask = 2147483647;
			files = (
				5D2B13AF2A8FA66E00961B1F /* MemoryManagmentTests.swift in Sources */,
			);
			runOnlyForDeploymentPostprocessing = 0;
		};
		5D2B13B02A8FA66E00961B1F /* Sources */ = {
			isa = PBXSourcesBuildPhase;
			buildActionMask = 2147483647;
			files = (
				5D2B13BB2A8FA66E00961B1F /* MemoryManagmentUITestsLaunchTests.swift in Sources */,
				5D2B13B92A8FA66E00961B1F /* MemoryManagmentUITests.swift in Sources */,
			);
			runOnlyForDeploymentPostprocessing = 0;
		};
/* End PBXSourcesBuildPhase section */

/* Begin PBXTargetDependency section */
		5D2B13AC2A8FA66E00961B1F /* PBXTargetDependency */ = {
			isa = PBXTargetDependency;
			target = 5D2B13932A8FA66400961B1F /* MemoryManagment */;
			targetProxy = 5D2B13AB2A8FA66E00961B1F /* PBXContainerItemProxy */;
		};
		5D2B13B62A8FA66E00961B1F /* PBXTargetDependency */ = {
			isa = PBXTargetDependency;
			target = 5D2B13932A8FA66400961B1F /* MemoryManagment */;
			targetProxy = 5D2B13B52A8FA66E00961B1F /* PBXContainerItemProxy */;
		};
/* End PBXTargetDependency section */

/* Begin PBXVariantGroup section */
		5D2B139D2A8FA66500961B1F /* Main.storyboard */ = {
			isa = PBXVariantGroup;
			children = (
				5D2B139E2A8FA66500961B1F /* Base */,
			);
			name = Main.storyboard;
			sourceTree = "<group>";
		};
		5D2B13A22A8FA66D00961B1F /* LaunchScreen.storyboard */ = {
			isa = PBXVariantGroup;
			children = (
				5D2B13A32A8FA66D00961B1F /* Base */,
			);
			name = LaunchScreen.storyboard;
			sourceTree = "<group>";
		};
/* End PBXVariantGroup section */

/* Begin XCBuildConfiguration section */
		5D2B13BC2A8FA66E00961B1F /* Debug */ = {
			isa = XCBuildConfiguration;
			buildSettings = {
				ALWAYS_SEARCH_USER_PATHS = NO;
				ASSETCATALOG_COMPILER_GENERATE_SWIFT_ASSET_SYMBOL_EXTENSIONS = YES;
				CLANG_ANALYZER_NONNULL = YES;
				CLANG_ANALYZER_NUMBER_OBJECT_CONVERSION = YES_AGGRESSIVE;
				CLANG_CXX_LANGUAGE_STANDARD = "gnu++20";
				CLANG_ENABLE_MODULES = YES;
				CLANG_ENABLE_OBJC_ARC = YES;
				CLANG_ENABLE_OBJC_WEAK = YES;
				CLANG_WARN_BLOCK_CAPTURE_AUTORELEASING = YES;
				CLANG_WARN_BOOL_CONVERSION = YES;
				CLANG_WARN_COMMA = YES;
				CLANG_WARN_CONSTANT_CONVERSION = YES;
				CLANG_WARN_DEPRECATED_OBJC_IMPLEMENTATIONS = YES;
				CLANG_WARN_DIRECT_OBJC_ISA_USAGE = YES_ERROR;
				CLANG_WARN_DOCUMENTATION_COMMENTS = YES;
				CLANG_WARN_EMPTY_BODY = YES;
				CLANG_WARN_ENUM_CONVERSION = YES;
				CLANG_WARN_INFINITE_RECURSION = YES;
				CLANG_WARN_INT_CONVERSION = YES;
				CLANG_WARN_NON_LITERAL_NULL_CONVERSION = YES;
				CLANG_WARN_OBJC_IMPLICIT_RETAIN_SELF = YES;
				CLANG_WARN_OBJC_LITERAL_CONVERSION = YES;
				CLANG_WARN_OBJC_ROOT_CLASS = YES_ERROR;
				CLANG_WARN_QUOTED_INCLUDE_IN_FRAMEWORK_HEADER = YES;
				CLANG_WARN_RANGE_LOOP_ANALYSIS = YES;
				CLANG_WARN_STRICT_PROTOTYPES = YES;
				CLANG_WARN_SUSPICIOUS_MOVE = YES;
				CLANG_WARN_UNGUARDED_AVAILABILITY = YES_AGGRESSIVE;
				CLANG_WARN_UNREACHABLE_CODE = YES;
				CLANG_WARN__DUPLICATE_METHOD_MATCH = YES;
				COPY_PHASE_STRIP = NO;
				DEBUG_INFORMATION_FORMAT = dwarf;
				ENABLE_STRICT_OBJC_MSGSEND = YES;
				ENABLE_TESTABILITY = YES;
				ENABLE_USER_SCRIPT_SANDBOXING = YES;
				GCC_C_LANGUAGE_STANDARD = gnu17;
				GCC_DYNAMIC_NO_PIC = NO;
				GCC_NO_COMMON_BLOCKS = YES;
				GCC_OPTIMIZATION_LEVEL = 0;
				GCC_PREPROCESSOR_DEFINITIONS = (
					"DEBUG=1",
					"$(inherited)",
				);
				GCC_WARN_64_TO_32_BIT_CONVERSION = YES;
				GCC_WARN_ABOUT_RETURN_TYPE = YES_ERROR;
				GCC_WARN_UNDECLARED_SELECTOR = YES;
				GCC_WARN_UNINITIALIZED_AUTOS = YES_AGGRESSIVE;
				GCC_WARN_UNUSED_FUNCTION = YES;
				GCC_WARN_UNUSED_VARIABLE = YES;
				IPHONEOS_DEPLOYMENT_TARGET = 17.0;
				LOCALIZATION_PREFERS_STRING_CATALOGS = YES;
				MTL_ENABLE_DEBUG_INFO = INCLUDE_SOURCE;
				MTL_FAST_MATH = YES;
				ONLY_ACTIVE_ARCH = YES;
				SDKROOT = iphoneos;
				SWIFT_ACTIVE_COMPILATION_CONDITIONS = "DEBUG $(inherited)";
				SWIFT_OPTIMIZATION_LEVEL = "-Onone";
			};
			name = Debug;
		};
		5D2B13BD2A8FA66E00961B1F /* Release */ = {
			isa = XCBuildConfiguration;
			buildSettings = {
				ALWAYS_SEARCH_USER_PATHS = NO;
				ASSETCATALOG_COMPILER_GENERATE_SWIFT_ASSET_SYMBOL_EXTENSIONS = YES;
				CLANG_ANALYZER_NONNULL = YES;
				CLANG_ANALYZER_NUMBER_OBJECT_CONVERSION = YES_AGGRESSIVE;
				CLANG_CXX_LANGUAGE_STANDARD = "gnu++20";
				CLANG_ENABLE_MODULES = YES;
				CLANG_ENABLE_OBJC_ARC = YES;
				CLANG_ENABLE_OBJC_WEAK = YES;
				CLANG_WARN_BLOCK_CAPTURE_AUTORELEASING = YES;
				CLANG_WARN_BOOL_CONVERSION = YES;
				CLANG_WARN_COMMA = YES;
				CLANG_WARN_CONSTANT_CONVERSION = YES;
				CLANG_WARN_DEPRECATED_OBJC_IMPLEMENTATIONS = YES;
				CLANG_WARN_DIRECT_OBJC_ISA_USAGE = YES_ERROR;
				CLANG_WARN_DOCUMENTATION_COMMENTS = YES;
				CLANG_WARN_EMPTY_BODY = YES;
				CLANG_WARN_ENUM_CONVERSION = YES;
				CLANG_WARN_INFINITE_RECURSION = YES;
				CLANG_WARN_INT_CONVERSION = YES;
				CLANG_WARN_NON_LITERAL_NULL_CONVERSION = YES;
				CLANG_WARN_OBJC_IMPLICIT_RETAIN_SELF = YES;
				CLANG_WARN_OBJC_LITERAL_CONVERSION = YES;
				CLANG_WARN_OBJC_ROOT_CLASS = YES_ERROR;
				CLANG_WARN_QUOTED_INCLUDE_IN_FRAMEWORK_HEADER = YES;
				CLANG_WARN_RANGE_LOOP_ANALYSIS = YES;
				CLANG_WARN_STRICT_PROTOTYPES = YES;
				CLANG_WARN_SUSPICIOUS_MOVE = YES;
				CLANG_WARN_UNGUARDED_AVAILABILITY = YES_AGGRESSIVE;
				CLANG_WARN_UNREACHABLE_CODE = YES;
				CLANG_WARN__DUPLICATE_METHOD_MATCH = YES;
				COPY_PHASE_STRIP = NO;
				DEBUG_INFORMATION_FORMAT = "dwarf-with-dsym";
				ENABLE_NS_ASSERTIONS = NO;
				ENABLE_STRICT_OBJC_MSGSEND = YES;
				ENABLE_USER_SCRIPT_SANDBOXING = YES;
				GCC_C_LANGUAGE_STANDARD = gnu17;
				GCC_NO_COMMON_BLOCKS = YES;
				GCC_WARN_64_TO_32_BIT_CONVERSION = YES;
				GCC_WARN_ABOUT_RETURN_TYPE = YES_ERROR;
				GCC_WARN_UNDECLARED_SELECTOR = YES;
				GCC_WARN_UNINITIALIZED_AUTOS = YES_AGGRESSIVE;
				GCC_WARN_UNUSED_FUNCTION = YES;
				GCC_WARN_UNUSED_VARIABLE = YES;
				IPHONEOS_DEPLOYMENT_TARGET = 17.0;
				LOCALIZATION_PREFERS_STRING_CATALOGS = YES;
				MTL_ENABLE_DEBUG_INFO = NO;
				MTL_FAST_MATH = YES;
				SDKROOT = iphoneos;
				SWIFT_COMPILATION_MODE = wholemodule;
				VALIDATE_PRODUCT = YES;
			};
			name = Release;
		};
		5D2B13BF2A8FA66E00961B1F /* Debug */ = {
			isa = XCBuildConfiguration;
			buildSettings = {
				ASSETCATALOG_COMPILER_APPICON_NAME = AppIcon;
				ASSETCATALOG_COMPILER_GLOBAL_ACCENT_COLOR_NAME = AccentColor;
				CODE_SIGN_STYLE = Automatic;
				CURRENT_PROJECT_VERSION = 1;
				DEVELOPMENT_TEAM = CT7H96YF74;
				GENERATE_INFOPLIST_FILE = YES;
				INFOPLIST_FILE = MemoryManagment/Info.plist;
				INFOPLIST_KEY_UIApplicationSupportsIndirectInputEvents = YES;
				INFOPLIST_KEY_UILaunchStoryboardName = LaunchScreen;
				INFOPLIST_KEY_UIMainStoryboardFile = Main;
				INFOPLIST_KEY_UISupportedInterfaceOrientations_iPad = "UIInterfaceOrientationPortrait UIInterfaceOrientationPortraitUpsideDown UIInterfaceOrientationLandscapeLeft UIInterfaceOrientationLandscapeRight";
				INFOPLIST_KEY_UISupportedInterfaceOrientations_iPhone = "UIInterfaceOrientationPortrait UIInterfaceOrientationLandscapeLeft UIInterfaceOrientationLandscapeRight";
				IPHONEOS_DEPLOYMENT_TARGET = 16.0;
				LD_RUNPATH_SEARCH_PATHS = (
					"$(inherited)",
					"@executable_path/Frameworks",
				);
				MARKETING_VERSION = 1.0;
				PRODUCT_BUNDLE_IDENTIFIER = KamsQue.MemoryManagment;
				PRODUCT_NAME = "$(TARGET_NAME)";
				SWIFT_EMIT_LOC_STRINGS = YES;
				SWIFT_VERSION = 5.0;
				TARGETED_DEVICE_FAMILY = "1,2";
			};
			name = Debug;
		};
		5D2B13C02A8FA66E00961B1F /* Release */ = {
			isa = XCBuildConfiguration;
			buildSettings = {
				ASSETCATALOG_COMPILER_APPICON_NAME = AppIcon;
				ASSETCATALOG_COMPILER_GLOBAL_ACCENT_COLOR_NAME = AccentColor;
				CODE_SIGN_STYLE = Automatic;
				CURRENT_PROJECT_VERSION = 1;
				DEVELOPMENT_TEAM = CT7H96YF74;
				GENERATE_INFOPLIST_FILE = YES;
				INFOPLIST_FILE = MemoryManagment/Info.plist;
				INFOPLIST_KEY_UIApplicationSupportsIndirectInputEvents = YES;
				INFOPLIST_KEY_UILaunchStoryboardName = LaunchScreen;
				INFOPLIST_KEY_UIMainStoryboardFile = Main;
				INFOPLIST_KEY_UISupportedInterfaceOrientations_iPad = "UIInterfaceOrientationPortrait UIInterfaceOrientationPortraitUpsideDown UIInterfaceOrientationLandscapeLeft UIInterfaceOrientationLandscapeRight";
				INFOPLIST_KEY_UISupportedInterfaceOrientations_iPhone = "UIInterfaceOrientationPortrait UIInterfaceOrientationLandscapeLeft UIInterfaceOrientationLandscapeRight";
				IPHONEOS_DEPLOYMENT_TARGET = 16.0;
				LD_RUNPATH_SEARCH_PATHS = (
					"$(inherited)",
					"@executable_path/Frameworks",
				);
				MARKETING_VERSION = 1.0;
				PRODUCT_BUNDLE_IDENTIFIER = KamsQue.MemoryManagment;
				PRODUCT_NAME = "$(TARGET_NAME)";
				SWIFT_EMIT_LOC_STRINGS = YES;
				SWIFT_VERSION = 5.0;
				TARGETED_DEVICE_FAMILY = "1,2";
			};
			name = Release;
		};
		5D2B13C22A8FA66E00961B1F /* Debug */ = {
			isa = XCBuildConfiguration;
			buildSettings = {
				ALWAYS_EMBED_SWIFT_STANDARD_LIBRARIES = YES;
				BUNDLE_LOADER = "$(TEST_HOST)";
				CODE_SIGN_STYLE = Automatic;
				CURRENT_PROJECT_VERSION = 1;
				DEVELOPMENT_TEAM = CT7H96YF74;
				GENERATE_INFOPLIST_FILE = YES;
				IPHONEOS_DEPLOYMENT_TARGET = 17.0;
				MARKETING_VERSION = 1.0;
				PRODUCT_BUNDLE_IDENTIFIER = KamsQue.MemoryManagmentTests;
				PRODUCT_NAME = "$(TARGET_NAME)";
				SWIFT_EMIT_LOC_STRINGS = NO;
				SWIFT_VERSION = 5.0;
				TARGETED_DEVICE_FAMILY = "1,2";
				TEST_HOST = "$(BUILT_PRODUCTS_DIR)/MemoryManagment.app/$(BUNDLE_EXECUTABLE_FOLDER_PATH)/MemoryManagment";
			};
			name = Debug;
		};
		5D2B13C32A8FA66E00961B1F /* Release */ = {
			isa = XCBuildConfiguration;
			buildSettings = {
				ALWAYS_EMBED_SWIFT_STANDARD_LIBRARIES = YES;
				BUNDLE_LOADER = "$(TEST_HOST)";
				CODE_SIGN_STYLE = Automatic;
				CURRENT_PROJECT_VERSION = 1;
				DEVELOPMENT_TEAM = CT7H96YF74;
				GENERATE_INFOPLIST_FILE = YES;
				IPHONEOS_DEPLOYMENT_TARGET = 17.0;
				MARKETING_VERSION = 1.0;
				PRODUCT_BUNDLE_IDENTIFIER = KamsQue.MemoryManagmentTests;
				PRODUCT_NAME = "$(TARGET_NAME)";
				SWIFT_EMIT_LOC_STRINGS = NO;
				SWIFT_VERSION = 5.0;
				TARGETED_DEVICE_FAMILY = "1,2";
				TEST_HOST = "$(BUILT_PRODUCTS_DIR)/MemoryManagment.app/$(BUNDLE_EXECUTABLE_FOLDER_PATH)/MemoryManagment";
			};
			name = Release;
		};
		5D2B13C52A8FA66E00961B1F /* Debug */ = {
			isa = XCBuildConfiguration;
			buildSettings = {
				ALWAYS_EMBED_SWIFT_STANDARD_LIBRARIES = YES;
				CODE_SIGN_STYLE = Automatic;
				CURRENT_PROJECT_VERSION = 1;
				DEVELOPMENT_TEAM = CT7H96YF74;
				GENERATE_INFOPLIST_FILE = YES;
				MARKETING_VERSION = 1.0;
				PRODUCT_BUNDLE_IDENTIFIER = KamsQue.MemoryManagmentUITests;
				PRODUCT_NAME = "$(TARGET_NAME)";
				SWIFT_EMIT_LOC_STRINGS = NO;
				SWIFT_VERSION = 5.0;
				TARGETED_DEVICE_FAMILY = "1,2";
				TEST_TARGET_NAME = MemoryManagment;
			};
			name = Debug;
		};
		5D2B13C62A8FA66E00961B1F /* Release */ = {
			isa = XCBuildConfiguration;
			buildSettings = {
				ALWAYS_EMBED_SWIFT_STANDARD_LIBRARIES = YES;
				CODE_SIGN_STYLE = Automatic;
				CURRENT_PROJECT_VERSION = 1;
				DEVELOPMENT_TEAM = CT7H96YF74;
				GENERATE_INFOPLIST_FILE = YES;
				MARKETING_VERSION = 1.0;
				PRODUCT_BUNDLE_IDENTIFIER = KamsQue.MemoryManagmentUITests;
				PRODUCT_NAME = "$(TARGET_NAME)";
				SWIFT_EMIT_LOC_STRINGS = NO;
				SWIFT_VERSION = 5.0;
				TARGETED_DEVICE_FAMILY = "1,2";
				TEST_TARGET_NAME = MemoryManagment;
			};
			name = Release;
		};
/* End XCBuildConfiguration section */

/* Begin XCConfigurationList section */
		5D2B138F2A8FA66400961B1F /* Build configuration list for PBXProject "MemoryManagment" */ = {
			isa = XCConfigurationList;
			buildConfigurations = (
				5D2B13BC2A8FA66E00961B1F /* Debug */,
				5D2B13BD2A8FA66E00961B1F /* Release */,
			);
			defaultConfigurationIsVisible = 0;
			defaultConfigurationName = Release;
		};
		5D2B13BE2A8FA66E00961B1F /* Build configuration list for PBXNativeTarget "MemoryManagment" */ = {
			isa = XCConfigurationList;
			buildConfigurations = (
				5D2B13BF2A8FA66E00961B1F /* Debug */,
				5D2B13C02A8FA66E00961B1F /* Release */,
			);
			defaultConfigurationIsVisible = 0;
			defaultConfigurationName = Release;
		};
		5D2B13C12A8FA66E00961B1F /* Build configuration list for PBXNativeTarget "MemoryManagmentTests" */ = {
			isa = XCConfigurationList;
			buildConfigurations = (
				5D2B13C22A8FA66E00961B1F /* Debug */,
				5D2B13C32A8FA66E00961B1F /* Release */,
			);
			defaultConfigurationIsVisible = 0;
			defaultConfigurationName = Release;
		};
		5D2B13C42A8FA66E00961B1F /* Build configuration list for PBXNativeTarget "MemoryManagmentUITests" */ = {
			isa = XCConfigurationList;
			buildConfigurations = (
				5D2B13C52A8FA66E00961B1F /* Debug */,
				5D2B13C62A8FA66E00961B1F /* Release */,
			);
			defaultConfigurationIsVisible = 0;
			defaultConfigurationName = Release;
		};
/* End XCConfigurationList section */
	};
	rootObject = 5D2B138C2A8FA66400961B1F /* Project object */;
}
